cloud.google.com/go/auth v0.18.2 h1:+Nbt5Ev0xEqxlNjd6c+yYUeosQ5TtEUaNcN/3FozlaM=
cloud.google.com/go/auth v0.18.2/go.mod h1:xD+oY7gcahcu7G2SG2DsBerfFxgPAJz17zz2joOFF3M=
cloud.google.com/go/auth/oauth2adapt v0.2.8 h1:keo8NaayQZ6wimpNSmW5OPc283g65QNIiLpZnkHRbnc=
cloud.google.com/go/auth/oauth2adapt v0.2.8/go.mod h1:XQ9y31RkqZCcwJWNSx2Xvric3RrU88hAYYbjDWYDL+c=
cloud.google.com/go/compute/metadata v0.9.0 h1:pDUj4QMoPejqq20dK0Pg2N4yG9zIkYGdBtwLoEkH9Zs=
cloud.google.com/go/compute/metadata v0.9.0/go.mod h1:E0bWwX5wTnLPedCKqk3pJmVgCBSM6qQI1yTBdEb3C10=
github.com/Aetherinox/go-virustotal v0.0.0-20250520093927-8c526def614c h1:uOgzgziAI9YfzvNFuJTbjMXPz4A5i7QIeBmntwxRTFk=
github.com/Aetherinox/go-virustotal v0.0.0-20250520093927-8c526def614c/go.mod h1:myGG2GhfY2AgAPe8lFZw6Y1+IxhU+ED7ilotbpdQsDw=
github.com/BurntSushi/xgb v0.0.0-20160522181843-27f122750802/go.mod h1:IVnqGOEym/WlBOVXweHU+Q+/VP0lqqI8lqeDx9IjBqo=
github.com/GehirnInc/crypt v0.0.0-20230320061759-8cc1b52080c5 h1:IEjq88XO4PuBDcvmjQJcQGg+w+UaafSy8G5Kcb5tBhI=
github.com/GehirnInc/crypt v0.0.0-20230320061759-8cc1b52080c5/go.mod h1:exZ0C/1emQJAw5tHOaUDyY1ycttqBAPcxuzf7QbY6ec=
github.com/ProtonMail/go-crypto v0.0.0-20230124153114-0acdc8ae009b/go.mod h1:I0gYDMZ6Z5GRU7l58bNFSkPTFN6Yl12dsUlAZ8xy98g=
github.com/ProtonMail/go-crypto v0.0.0-20230217124315-7d5c6f04bbb8 h1:wPbRQzjjwFc0ih8puEVAOFGELsn1zoIIYdxvML7mDxA=
github.com/ProtonMail/go-crypto v0.0.0-20230217124315-7d5c6f04bbb8/go.mod h1:I0gYDMZ6Z5GRU7l58bNFSkPTFN6Yl12dsUlAZ8xy98g=
github.com/ProtonMail/go-mime v0.0.0-20221031134845-8fd9bc37cf08/go.mod h1:qRZgbeASl2a9OwmsV85aWwRqic0NHPh+9ewGAzb4cgM=
github.com/ProtonMail/gopenpgp/v2 v2.5.2 h1:97SjlWNAxXl9P22lgwgrZRshQdiEfAht0g3ZoiA1GCw=
github.com/ProtonMail/gopenpgp/v2 v2.5.2/go.mod h1:52qDaCnto6r+CoWbuU50T77XQt99lIs46HtHtvgFO3o=
github.com/aws/aws-sdk-go-v2 v1.41.5 h1:dj5kopbwUsVUVFgO4Fi5BIT3t4WyqIDjGKCangnV/yY=
github.com/aws/aws-sdk-go-v2 v1.41.5/go.mod h1:mwsPRE8ceUUpiTgF7QmQIJ7lgsKUPQOUl3o72QBrE1o=
github.com/aws/aws-sdk-go-v2/aws/protocol/eventstream v1.7.8 h1:eBMB84YGghSocM7PsjmmPffTa+1FBUeNvGvFou6V/4o=
github.com/aws/aws-sdk-go-v2/aws/protocol/eventstream v1.7.8/go.mod h1:lyw7GFp3qENLh7kwzf7iMzAxDn+NzjXEAGjKS2UOKqI=
github.com/aws/aws-sdk-go-v2/config v1.32.15 h1:i7rHbaySnBXGvCkDndaBU8f3EAlRVgViwNfkwFUrXgE=
github.com/aws/aws-sdk-go-v2/config v1.32.15/go.mod h1:yLJzL0IkI9+4BwjPSOueyHzppJj3t0dhK5tbmmcFk5Q=
github.com/aws/aws-sdk-go-v2/credentials v1.19.14 h1:n+UcGWAIZHkXzYt87uMFBv/l8THYELoX6gVcUvgl6fI=
github.com/aws/aws-sdk-go-v2/credentials v1.19.14/go.mod h1:cJKuyWB59Mqi0jM3nFYQRmnHVQIcgoxjEMAbLkpr62w=
github.com/aws/aws-sdk-go-v2/feature/ec2/imds v1.18.21 h1:NUS3K4BTDArQqNu2ih7yeDLaS3bmHD0YndtA6UP884g=
github.com/aws/aws-sdk-go-v2/feature/ec2/imds v1.18.21/go.mod h1:YWNWJQNjKigKY1RHVJCuupeWDrrHjRqHm0N9rdrWzYI=
github.com/aws/aws-sdk-go-v2/feature/s3/manager v1.22.14 h1:wSr7rcx4tyHFn8C0Due3FJELFc02u6MkfRyVChkqAt4=
github.com/aws/aws-sdk-go-v2/feature/s3/manager v1.22.14/go.mod h1:2FslH0Y9FIQw4YKs3TVb5zEK66FvWvVPYNPqPmqWZqs=
github.com/aws/aws-sdk-go-v2/internal/configsources v1.4.21 h1:Rgg6wvjjtX8bNHcvi9OnXWwcE0a2vGpbwmtICOsvcf4=
github.com/aws/aws-sdk-go-v2/internal/configsources v1.4.21/go.mod h1:A/kJFst/nm//cyqonihbdpQZwiUhhzpqTsdbhDdRF9c=
github.com/aws/aws-sdk-go-v2/internal/endpoints/v2 v2.7.21 h1:PEgGVtPoB6NTpPrBgqSE5hE/o47Ij9qk/SEZFbUOe9A=
github.com/aws/aws-sdk-go-v2/internal/endpoints/v2 v2.7.21/go.mod h1:p+hz+PRAYlY3zcpJhPwXlLC4C+kqn70WIHwnzAfs6ps=
github.com/aws/aws-sdk-go-v2/internal/v4a v1.4.22 h1:rWyie/PxDRIdhNf4DzRk0lvjVOqFJuNnO8WwaIRVxzQ=
github.com/aws/aws-sdk-go-v2/internal/v4a v1.4.22/go.mod h1:zd/JsJ4P7oGfUhXn1VyLqaRZwPmZwg44Jf2dS84Dm3Y=
github.com/aws/aws-sdk-go-v2/service/internal/accept-encoding v1.13.7 h1:5EniKhLZe4xzL7a+fU3C2tfUN4nWIqlLesfrjkuPFTY=
github.com/aws/aws-sdk-go-v2/service/internal/accept-encoding v1.13.7/go.mod h1:x0nZssQ3qZSnIcePWLvcoFisRXJzcTVvYpAAdYX8+GI=
github.com/aws/aws-sdk-go-v2/service/internal/checksum v1.9.13 h1:JRaIgADQS/U6uXDqlPiefP32yXTda7Kqfx+LgspooZM=
github.com/aws/aws-sdk-go-v2/service/internal/checksum v1.9.13/go.mod h1:CEuVn5WqOMilYl+tbccq8+N2ieCy0gVn3OtRb0vBNNM=
github.com/aws/aws-sdk-go-v2/service/internal/presigned-url v1.13.21 h1:c31//R3xgIJMSC8S6hEVq+38DcvUlgFY0FM6mSI5oto=
github.com/aws/aws-sdk-go-v2/service/internal/presigned-url v1.13.21/go.mod h1:r6+pf23ouCB718FUxaqzZdbpYFyDtehyZcmP5KL9FkA=
github.com/aws/aws-sdk-go-v2/service/internal/s3shared v1.19.21 h1:ZlvrNcHSFFWURB8avufQq9gFsheUgjVD9536obIknfM=
github.com/aws/aws-sdk-go-v2/service/internal/s3shared v1.19.21/go.mod h1:cv3TNhVrssKR0O/xxLJVRfd2oazSnZnkUeTf6ctUwfQ=
github.com/aws/aws-sdk-go-v2/service/s3 v1.99.0 h1:hlSuz394kV0vhv9drL5lhuEFbEOEP1VyQpy15qWh1Pk=
github.com/aws/aws-sdk-go-v2/service/s3 v1.99.0/go.mod h1:uoA43SdFwacedBfSgfFSjjCvYe8aYBS7EnU5GZ/YKMM=
github.com/aws/aws-sdk-go-v2/service/signin v1.0.9 h1:QKZH0S178gCmFEgst8hN0mCX1KxLgHBKKY/CLqwP8lg=
github.com/aws/aws-sdk-go-v2/service/signin v1.0.9/go.mod h1:7yuQJoT+OoH8aqIxw9vwF+8KpvLZ8AWmvmUWHsGQZvI=
github.com/aws/aws-sdk-go-v2/service/sso v1.30.15 h1:lFd1+ZSEYJZYvv9d6kXzhkZu07si3f+GQ1AaYwa2LUM=
github.com/aws/aws-sdk-go-v2/service/sso v1.30.15/go.mod h1:WSvS1NLr7JaPunCXqpJnWk1Bjo7IxzZXrZi1QQCkuqM=
github.com/aws/aws-sdk-go-v2/service/ssooidc v1.35.19 h1:dzztQ1YmfPrxdrOiuZRMF6fuOwWlWpD2StNLTceKpys=
github.com/aws/aws-sdk-go-v2/service/ssooidc v1.35.19/go.mod h1:YO8TrYtFdl5w/4vmjL8zaBSsiNp3w0L1FfKVKenZT7w=
github.com/aws/aws-sdk-go-v2/service/sts v1.41.10 h1:p8ogvvLugcR/zLBXTXrTkj0RYBUdErbMnAFFp12Lm/U=
github.com/aws/aws-sdk-go-v2/service/sts v1.41.10/go.mod h1:60dv0eZJfeVXfbT1tFJinbHrDfSJ2GZl4Q//OSSNAVw=
github.com/aws/smithy-go v1.24.3 h1:XgOAaUgx+HhVBoP4v8n6HCQoTRDhoMghKqw4LNHsDNg=
github.com/aws/smithy-go v1.24.3/go.mod h1:YE2RhdIuDbA5E5bTdciG9KrW3+TiEONeUWCqxX9i1Fc=
github.com/aymerick/douceur v0.2.0 h1:Mv+mAeH1Q+n9Fr+oyamOlAkUNPWPlA8PPGR0QAaYuPk=
github.com/aymerick/douceur v0.2.0/go.mod h1:wlT5vV2O3h55X9m7iVYN0TBM0NH/MmbLnd30/FjWUq4=
github.com/bwesterb/go-ristretto v1.2.0/go.mod h1:fUIoIZaG73pV5biE2Blr2xEzDoMj7NFEuV9ekS419A0=
github.com/calebcase/tmpfile v1.0.3 h1:BZrOWZ79gJqQ3XbAQlihYZf/YCV0H4KPIdM5K5oMpJo=
github.com/calebcase/tmpfile v1.0.3/go.mod h1:UAUc01aHeC+pudPagY/lWvt2qS9ZO5Zzof6/tIUzqeI=
github.com/cespare/xxhash/v2 v2.3.0 h1:UL815xU9SqsFlibzuggzjXhog7bL6oX9BbNZnL2UFvs=
github.com/cespare/xxhash/v2 v2.3.0/go.mod h1:VGX0DQ3Q6kWi7AoAeZDth3/j3BFtOZR5XLFGgcrjCOs=
github.com/cloudflare/circl v1.1.0/go.mod h1:prBCrKB9DV4poKZY1l9zBXg2QJY7mvgRvtMxxK7fi4I=
github.com/cloudflare/circl v1.6.3 h1:9GPOhQGF9MCYUeXyMYlqTR6a5gTrgR/fBLXvUgtVcg8=
github.com/cloudflare/circl v1.6.3/go.mod h1:2eXP6Qfat4O/Yhh8BznvKnJ+uzEoTQ6jVKJRn81BiS4=
github.com/cpuguy83/go-md2man/v2 v2.0.7 h1:zbFlGlXEAKlwXpmvle3d8Oe3YnkKIK4xSRTd3sHPnBo=
github.com/cpuguy83/go-md2man/v2 v2.0.7/go.mod h1:oOW0eioCTA6cOiMLiUPZOpcVxMig6NIQQ7OS05n1F4g=
github.com/creack/pty v1.1.9/go.mod h1:oKZEueFk5CKHvIhNR5MUki03XCEU+Q6VDXinZuGJ33E=
github.com/davecgh/go-spew v1.1.0/go.mod h1:J7Y8YcW2NihsgmVo/mv3lAwl/skON4iLHjSsI+c5H38=
github.com/davecgh/go-spew v1.1.1 h1:vj9j/u1bqnvCEfJOwUhtlOARqs3+rkHYY13jYWTU97c=
github.com/davecgh/go-spew v1.1.1/go.mod h1:J7Y8YcW2NihsgmVo/mv3lAwl/skON4iLHjSsI+c5H38=
github.com/dsnet/try v0.0.3 h1:ptR59SsrcFUYbT/FhAbKTV6iLkeD6O18qfIWRml2fqI=
github.com/dsnet/try v0.0.3/go.mod h1:WBM8tRpUmnXXhY1U6/S8dt6UWdHTQ7y8A5YSkRCkq40=
github.com/fatih/color v1.18.0 h1:S8gINlzdQ840/4pfAwic/ZE0djQEH3wM94VfqLTZcOM=
github.com/fatih/color v1.18.0/go.mod h1:4FelSpRwEGDpQ12mAdzqdOukCy4u8WUtOY6lkT/6HfU=
github.com/felixge/httpsnoop v1.0.4 h1:NFTV2Zj1bL4mc9sqWACXbQFVBBg2W3GPvqp8/ESS2Wg=
github.com/felixge/httpsnoop v1.0.4/go.mod h1:m8KPJKqk1gH5J9DgRY2ASl2lWCfGKXixSwevea8zH2U=
github.com/flynn/noise v1.0.1 h1:vPp/jdQLXC6ppsXSj/pM3W1BIJ5FEHE2TulSJBpb43Y=
github.com/flynn/noise v1.0.1/go.mod h1:xbMo+0i6+IGbYdJhF31t2eR1BIU0CYc12+BNAKwUTag=
github.com/go-logr/logr v1.2.2/go.mod h1:jdQByPbusPIv2/zmleS9BjJVeZ6kBagPoEUsqbVz/1A=
github.com/go-logr/logr v1.4.3 h1:CjnDlHq8ikf6E492q6eKboGOC0T8CDaOvkHCIg8idEI=
github.com/go-logr/logr v1.4.3/go.mod h1:9T104GzyrTigFIr8wt5mBrctHMim0Nb2HLGrmQ40KvY=
github.com/go-logr/stdr v1.2.2 h1:hSWxHoqTgW2S2qGc0LTAI563KZ5YKYRhT3MFKZMbjag=
github.com/go-logr/stdr v1.2.2/go.mod h1:mMo/vtBO5dYbehREoey6XUKy/eSumjCCveDpRre4VKE=
github.com/gogo/protobuf v1.3.2 h1:Ov1cvc58UF3b5XjBnZv7+opcTcQFZebYjWzi34vdm4Q=
github.com/gogo/protobuf v1.3.2/go.mod h1:P1XiOD3dCwIKUDQYPy72D8LYyHL2YPYrpS2s69NZV8Q=
github.com/golang/protobuf v1.5.4 h1:i7eJL8qZTpSEXOPTxNKhASYpMn+8e5Q6AdndVa1dWek=
github.com/golang/protobuf v1.5.4/go.mod h1:lnTiLA8Wa4RWRcIUkrtSVa5nRhsEGBg48fD6rSs7xps=
github.com/google/go-cmp v0.7.0 h1:wk8382ETsv4JYUZwIsn6YpYiWiBsYLSJiTsyBybVuN8=
github.com/google/go-cmp v0.7.0/go.mod h1:pXiqmnSA92OHEEa9HXL2W4E7lf9JzCmGVUdgjX3N/iU=
github.com/google/pprof v0.0.0-20211108044417-e9b028704de0 h1:rsq1yB2xiFLDYYaYdlGBsSkwVzsCo500wMhxvW5A/bk=
github.com/google/pprof v0.0.0-20211108044417-e9b028704de0/go.mod h1:KgnwoLYCZ8IQu3XUZ8Nc/bM9CCZFOyjUNOSygVozoDg=
github.com/google/s2a-go v0.1.9 h1:LGD7gtMgezd8a/Xak7mEWL0PjoTQFvpRudN895yqKW0=
github.com/google/s2a-go v0.1.9/go.mod h1:YA0Ei2ZQL3acow2O62kdp9UlnvMmU7kA6Eutn0dXayM=
github.com/google/uuid v1.6.0 h1:NIvaJDMOsjHA8n1jAhLSgzrAzy1Hgr+hNrb57e+94F0=
github.com/google/uuid v1.6.0/go.mod h1:TIyPZe4MgqvfeYDBFedMoGGpEw/LqOeaOT+nhxU+yHo=
github.com/googleapis/enterprise-certificate-proxy v0.3.15 h1:xolVQTEXusUcAA5UgtyRLjelpFFHWlPQ4XfWGc7MBas=
github.com/googleapis/enterprise-certificate-proxy v0.3.15/go.mod h1:vqVt9yG9480NtzREnTlmGSBmFrA+bzb0yl0TxoBQXOg=
github.com/googleapis/gax-go/v2 v2.17.0 h1:RksgfBpxqff0EZkDWYuz9q/uWsTVz+kf43LsZ1J6SMc=
github.com/googleapis/gax-go/v2 v2.17.0/go.mod h1:mzaqghpQp4JDh3HvADwrat+6M3MOIDp5YKHhb9PAgDY=
github.com/gorilla/css v1.0.1 h1:ntNaBIghp6JmvWnxbZKANoLyuXTPZ4cAMlo6RyhlbO8=
github.com/gorilla/css v1.0.1/go.mod h1:BvnYkspnSzMmwRK+b8/xgNPLiIuNZr6vbZBTPQ2A3b0=
github.com/gorilla/mux v1.8.1 h1:TuBL49tXwgrFYWhqrNgrUNEY92u81SPhu7sTdzQEiWY=
github.com/gorilla/mux v1.8.1/go.mod h1:AKf9I4AEqPTmMytcMc0KkNouC66V3BtZ4qD5fmWSiMQ=
github.com/jtolio/eventkit v0.0.0-20230301123942-0cee1388f16f h1:HM2D/tnqbzNoN5DGIeB8ibM1BMYCkRWOqyWWcNAWw8o=
github.com/jtolio/eventkit v0.0.0-20230301123942-0cee1388f16f/go.mod h1:PXFUrknJu7TkBNyL8t7XWDPtDFFLFrNQQAdsXv9YfJE=
github.com/jtolio/noiseconn v0.0.0-20231127013910-f6d9ecbf1de7 h1:JcltaO1HXM5S2KYOYcKgAV7slU0xPy1OcvrVgn98sRQ=
github.com/jtolio/noiseconn v0.0.0-20231127013910-f6d9ecbf1de7/go.mod h1:MEkhEPFwP3yudWO0lj6vfYpLIB+3eIcuIW+e0AZzUQk=
github.com/kisielk/errcheck v1.5.0/go.mod h1:pFxgyoBC7bSaBwPgfKdkLd5X25qrDl4LWUI2bnpBCr8=
github.com/kisielk/gotool v1.0.0/go.mod h1:XhKaO+MFFWcvkIS/tQcRk01m1F5IRFswLeQ+oQHNcck=
github.com/klauspost/cpuid/v2 v2.2.11 h1:0OwqZRYI2rFrjS4kvkDnqJkKHdHaRnCm68/DY4OxRzU=
github.com/klauspost/cpuid/v2 v2.2.11/go.mod h1:hqwkgyIinND0mEev00jJYCxPNVRVXFQeu1XKlok6oO0=
github.com/kr/pretty v0.2.1/go.mod h1:ipq/a2n7PKx3OHsz4KJII5eveXtPO4qwEXGdVfWzfnI=
github.com/kr/pretty v0.3.1 h1:flRD4NNwYAUpkphVc1HcthR4KEIFJ65n8Mw5qdRn3LE=
github.com/kr/pretty v0.3.1/go.mod h1:hoEshYVHaxMs3cyo3Yncou5ZscifuDolrwPKZanG3xk=
github.com/kr/pty v1.1.1/go.mod h1:pFQYn66WHrOpPYNljwOMqo10TkYh1fy3cYio2l3bCsQ=
github.com/kr/text v0.1.0/go.mod h1:4Jbv+DJW3UT/LiOwJeYQe1efqtUx/iVham/4vfdArNI=
github.com/kr/text v0.2.0 h1:5Nx0Ya0ZqY2ygV366QzturHI13Jq95ApcVaJBhpS+AY=
github.com/kr/text v0.2.0/go.mod h1:eLer722TekiGuMkidMxC/pM04lWEeraHUUmBw8l2grE=
github.com/mattn/go-colorable v0.1.14 h1:9A9LHSqF/7dyVVX6g0U9cwm9pG3kP9gSzcuIPHPsaIE=
github.com/mattn/go-colorable v0.1.14/go.mod h1:6LmQG8QLFO4G5z1gPvYEzlUgJ2wF+stgPZH1UqBm1s8=
github.com/mattn/go-isatty v0.0.21 h1:xYae+lCNBP7QuW4PUnNG61ffM4hVIfm+zUzDuSzYLGs=
github.com/mattn/go-isatty v0.0.21/go.mod h1:ZXfXG4SQHsB/w3ZeOYbR0PrPwLy+n6xiMrJlRFqopa4=
github.com/microcosm-cc/bluemonday v1.0.27 h1:MpEUotklkwCSLeH+Qdx1VJgNqLlpY2KXwXFM08ygZfk=
github.com/microcosm-cc/bluemonday v1.0.27/go.mod h1:jFi9vgW+H7c3V0lb6nR74Ib/DIB5OBs92Dimizgw2cA=
github.com/pkg/diff v0.0.0-20210226163009-20ebb0f2a09e/go.mod h1:pJLUxLENpZxwdsKMEsNbx1VGcRFpLqf3715MtcvvzbA=
github.com/pkg/errors v0.9.1/go.mod h1:bwawxfHBFNV+L2hUp1rHADufV3IMtnDRdf1r5NINEl0=
github.com/pmezard/go-difflib v1.0.0 h1:4DBwDE0NGyQoBHbLQYPwSUPoCMWR5BEzIk/f1lZbAQM=
github.com/pmezard/go-difflib v1.0.0/go.mod h1:iKH77koFhYxTK1pcRnkKkqfTogsbg7gZNVY4sRDYZ/4=
github.com/rogpeppe/go-internal v1.9.0/go.mod h1:WtVeX8xhTBvf0smdhujwtBcq4Qrzq/fJaraNFVN+nFs=
github.com/rogpeppe/go-internal v1.14.1 h1:UQB4HGPB6osV0SQTLymcB4TgvyWu6ZyliaW0tI/otEQ=
github.com/rogpeppe/go-internal v1.14.1/go.mod h1:MaRKkUm5W0goXpeCfT7UZI6fk/L7L7so1lCWt35ZSgc=
github.com/russross/blackfriday/v2 v2.1.0 h1:JIOH55/0cWyOuilr9/qlrm0BSXldqnqwMsf35Ld67mk=
github.com/russross/blackfriday/v2 v2.1.0/go.mod h1:+Rmxgy9KzJVeS9/2gXHxylqXiyQDYRxCVz55jmeOWTM=
github.com/skip2/go-qrcode v0.0.0-20200617195104-da1b6568686e h1:MRM5ITcdelLK2j1vwZ3Je0FKVCfqOLp5zO6trqMLYs0=
github.com/skip2/go-qrcode v0.0.0-20200617195104-da1b6568686e/go.mod h1:XV66xRDqSt+GTGFMVlhk3ULuV0y9ZmzeVGR4mloJI3M=
github.com/spacemonkeygo/monkit/v3 v3.0.25-0.20251022131615-eb24eb109368 h1:GyYC5Ntqk/yy9lEIGE7chdIvt4zP44taycwd9YDSGdc=
github.com/spacemonkeygo/monkit/v3 v3.0.25-0.20251022131615-eb24eb109368/go.mod h1:XkZYGzknZwkD0AKUnZaSXhRiVTLCkq7CWVa3IsE72gA=
github.com/stretchr/objx v0.1.0/go.mod h1:HFkY916IF+rwdDfMAkV7OtwuqBVzrE8GR6GFx+wExME=
github.com/stretchr/testify v1.7.0/go.mod h1:6Fq8oRcR53rry900zMqJjRRixrwX3KX962/h/Wwjteg=
github.com/stretchr/testify v1.11.1 h1:7s2iGBzp5EwR7/aIZr8ao5+dra3wiQyKjjFuvgVKu7U=
github.com/stretchr/testify v1.11.1/go.mod h1:wZwfW3scLgRK+23gO65QZefKpKQRnfz6sD981Nm4B6U=
github.com/tg123/go-htpasswd v1.2.4 h1:HgH8KKCjdmo7jjXWN9k1nefPBd7Be3tFCTjc2jPraPU=
github.com/tg123/go-htpasswd v1.2.4/go.mod h1:EKThQok9xHkun6NBMynNv6Jmu24A33XdZzzl4Q7H1+0=
github.com/tomasen/realip v0.0.0-20180522021738-f0c99a92ddce h1:fb190+cK2Xz/dvi9Hv8eCYJYvIGUTN2/KLq1pT6CjEc=
github.com/tomasen/realip v0.0.0-20180522021738-f0c99a92ddce/go.mod h1:o8v6yHRoik09Xen7gje4m9ERNah1d1PPsVq1VEx9vE4=
github.com/urfave/cli/v2 v2.27.7 h1:bH59vdhbjLv3LAvIu6gd0usJHgoTTPhCFib8qqOwXYU=
github.com/urfave/cli/v2 v2.27.7/go.mod h1:CyNAG/xg+iAOg0N4MPGZqVmv2rCoP267496AOXUZjA4=
github.com/vivint/infectious v0.0.0-20200605153912-25a574ae18a3 h1:zMsHhfK9+Wdl1F7sIKLyx3wrOFofpb3rWFbA4HgcK5k=
github.com/vivint/infectious v0.0.0-20200605153912-25a574ae18a3/go.mod h1:R0Gbuw7ElaGSLOZUSwBm/GgVwMd30jWxBDdAyMOeTuc=
github.com/xrash/smetrics v0.0.0-20250705151800-55b8f293f342 h1:FnBeRrxr7OU4VvAzt5X7s6266i6cSVkkFPS0TuXWbIg=
github.com/xrash/smetrics v0.0.0-20250705151800-55b8f293f342/go.mod h1:Ohn+xnUBiLI6FVj/9LpzZWtj1/D6lUovWYBkxHVV3aM=
github.com/yuin/goldmark v1.1.27/go.mod h1:3hX8gzYuyVAZsxl0MRgGTJEmQBFcNTphYh9decYSb74=
github.com/yuin/goldmark v1.2.1/go.mod h1:3hX8gzYuyVAZsxl0MRgGTJEmQBFcNTphYh9decYSb74=
github.com/yuin/goldmark v1.4.13/go.mod h1:6yULJ656Px+3vBD8DxQVa3kxgyrAnzto9xy5taEt/CY=
github.com/zeebo/assert v1.3.1 h1:vukIABvugfNMZMQO1ABsyQDJDTVQbn+LWSMy1ol1h6A=
github.com/zeebo/assert v1.3.1/go.mod h1:Pq9JiuJQpG8JLJdtkwrJESF0Foym2/D9XMU5ciN/wJ0=
github.com/zeebo/blake3 v0.2.4 h1:KYQPkhpRtcqh0ssGYcKLG1JYvddkEA8QwCM/yBqhaZI=
github.com/zeebo/blake3 v0.2.4/go.mod h1:7eeQ6d2iXWRGF6npfaxl2CU+xy2Fjo2gxeyZGCRUjcE=
github.com/zeebo/errs v1.3.0 h1:hmiaKqgYZzcVgRL1Vkc1Mn2914BbzB0IBxs+ebeutGs=
github.com/zeebo/errs v1.3.0/go.mod h1:sgbWHsvVuTPHcqJJGQ1WhI5KbWlHYz+2+2C/LSEtCw4=
github.com/zeebo/pcg v1.0.1 h1:lyqfGeWiv4ahac6ttHs+I5hwtH/+1mrhlCtVNQM2kHo=
github.com/zeebo/pcg v1.0.1/go.mod h1:09F0S9iiKrwn9rlI5yjLkmrug154/YRW6KnnXVDM/l4=
go.opentelemetry.io/auto/sdk v1.2.1 h1:jXsnJ4Lmnqd11kwkBV2LgLoFMZKizbCi5fNZ/ipaZ64=
go.opentelemetry.io/auto/sdk v1.2.1/go.mod h1:KRTj+aOaElaLi+wW1kO/DZRXwkF4C5xPbEe3ZiIhN7Y=
go.opentelemetry.io/contrib/instrumentation/net/http/otelhttp v0.61.0 h1:F7Jx+6hwnZ41NSFTO5q4LYDtJRXBf2PD0rNBkeB/lus=
go.opentelemetry.io/contrib/instrumentation/net/http/otelhttp v0.61.0/go.mod h1:UHB22Z8QsdRDrnAtX4PntOl36ajSxcdUMt1sF7Y6E7Q=
go.opentelemetry.io/otel v1.39.0 h1:8yPrr/S0ND9QEfTfdP9V+SiwT4E0G7Y5MO7p85nis48=
go.opentelemetry.io/otel v1.39.0/go.mod h1:kLlFTywNWrFyEdH0oj2xK0bFYZtHRYUdv1NklR/tgc8=
go.opentelemetry.io/otel/metric v1.39.0 h1:d1UzonvEZriVfpNKEVmHXbdf909uGTOQjA0HF0Ls5Q0=
go.opentelemetry.io/otel/metric v1.39.0/go.mod h1:jrZSWL33sD7bBxg1xjrqyDjnuzTUB0x1nBERXd7Ftcs=
go.opentelemetry.io/otel/sdk v1.39.0 h1:nMLYcjVsvdui1B/4FRkwjzoRVsMK8uL/cj0OyhKzt18=
go.opentelemetry.io/otel/sdk v1.39.0/go.mod h1:vDojkC4/jsTJsE+kh+LXYQlbL8CgrEcwmt1ENZszdJE=
go.opentelemetry.io/otel/sdk/metric v1.38.0 h1:aSH66iL0aZqo//xXzQLYozmWrXxyFkBJ6qT5wthqPoM=
go.opentelemetry.io/otel/sdk/metric v1.38.0/go.mod h1:dg9PBnW9XdQ1Hd6ZnRz689CbtrUp0wMMs9iPcgT9EZA=
go.opentelemetry.io/otel/trace v1.39.0 h1:2d2vfpEDmCJ5zVYz7ijaJdOF59xLomrvj7bjt6/qCJI=
go.opentelemetry.io/otel/trace v1.39.0/go.mod h1:88w4/PnZSazkGzz/w84VHpQafiU4EtqqlVdxWy+rNOA=
golang.org/x/crypto v0.0.0-20190308221718-c2843e01d9a2/go.mod h1:djNgcEr1/C05ACkg1iLfiJU5Ep61QUkGW8qpdssI0+w=
golang.org/x/crypto v0.0.0-20190510104115-cbcb75029529/go.mod h1:yigFU9vqHzYiE8UmvKecakEJjdnWj3jj499lnFckfCI=
golang.org/x/crypto v0.0.0-20191011191535-87dc89f01550/go.mod h1:yigFU9vqHzYiE8UmvKecakEJjdnWj3jj499lnFckfCI=
golang.org/x/crypto v0.0.0-20200622213623-75b288015ac9/go.mod h1:LzIPMQfyMNhhGPhUkYOs5KpL4U8rLKemX1yGLhDgUto=
golang.org/x/crypto v0.0.0-20210322153248-0c34fe9e7dc2/go.mod h1:T9bdIzuCu7OtxOm1hfPfRQxPLYneinmdGuTeoZ9dtd4=
golang.org/x/crypto v0.0.0-20210921155107-089bfa567519/go.mod h1:GvvjBRRGRdwPK5ydBHafDWAxML/pGHZbMvKqRZ5+Abc=
golang.org/x/crypto v0.48.0 h1:/VRzVqiRSggnhY7gNRxPauEQ5Drw9haKdM0jqfcCFts=
golang.org/x/crypto v0.48.0/go.mod h1:r0kV5h3qnFPlQnBSrULhlsRfryS2pmewsg+XfMgkVos=
golang.org/x/exp v0.0.0-20190731235908-ec7cb31e5a56/go.mod h1:JhuoJpWY28nO4Vef9tZUw9qufEGTyX1+7lmHxV5q5G4=
golang.org/x/image v0.0.0-20190227222117-0694c2d4d067/go.mod h1:kZ7UVZpmo3dzQBMxlp+ypCbDeSB+sBbTgSJuh5dn5js=
golang.org/x/image v0.0.0-20190802002840-cff245a6509b/go.mod h1:FeLwcggjj3mMvU+oOTbSwawSJRM1uh48EjtB4UJZlP0=
golang.org/x/mobile v0.0.0-20190312151609-d3739f865fa6/go.mod h1:z+o9i4GpDbdi3rU15maQ/Ox0txvL9dWGYEHz965HBQE=
golang.org/x/mobile v0.0.0-20221110043201-43a038452099/go.mod h1:aAjjkJNdrh3PMckS4B10TGS2nag27cbKR1y2BpUxsiY=
golang.org/x/mod v0.1.0/go.mod h1:0QHyrYULN0/3qlju5TqG8bIK38QM8yzMo5ekMj3DlcY=
golang.org/x/mod v0.2.0/go.mod h1:s0Qsj1ACt9ePp/hMypM3fl4fZqREWJwdYDEqhRiZZUA=
golang.org/x/mod v0.3.0/go.mod h1:s0Qsj1ACt9ePp/hMypM3fl4fZqREWJwdYDEqhRiZZUA=
golang.org/x/mod v0.6.0-dev.0.20220419223038-86c51ed26bb4/go.mod h1:jJ57K6gSWd91VN4djpZkiMVwK6gcyfeH4XE8wZrZaV4=
golang.org/x/net v0.0.0-20190311183353-d8887717615a/go.mod h1:t9HGtf8HONx5eT2rtn7q6eTqICYqUVnKs3thJo3Qplg=
golang.org/x/net v0.0.0-20190404232315-eb5bcb51f2a3/go.mod h1:t9HGtf8HONx5eT2rtn7q6eTqICYqUVnKs3thJo3Qplg=
golang.org/x/net v0.0.0-20190620200207-3b0461eec859/go.mod h1:z5CRVTTTmAJ677TzLLGU+0bjPO0LkuOLi4/5GtJWs/s=
golang.org/x/net v0.0.0-20200226121028-0de0cce0169b/go.mod h1:z5CRVTTTmAJ677TzLLGU+0bjPO0LkuOLi4/5GtJWs/s=
golang.org/x/net v0.0.0-20201021035429-f5854403a974/go.mod h1:sp8m0HH+o8qH0wwXwYZr8TS3Oi6o0r6Gce1SSxlDquU=
golang.org/x/net v0.0.0-20210226172049-e18ecbb05110/go.mod h1:m0MpNAwzfU5UDzcl9v0D8zg8gWTRqZa9RBIspLL5mdg=
golang.org/x/net v0.0.0-20220722155237-a158d28d115b/go.mod h1:XRhObCWvk6IyKnWLug+ECip1KBveYUHfp+8e9klMJ9c=
golang.org/x/net v0.50.0 h1:ucWh9eiCGyDR3vtzso0WMQinm2Dnt8cFMuQa9K33J60=
golang.org/x/net v0.50.0/go.mod h1:UgoSli3F/pBgdJBHCTc+tp3gmrU4XswgGRgtnwWTfyM=
golang.org/x/oauth2 v0.35.0 h1:Mv2mzuHuZuY2+bkyWXIHMfhNdJAdwW3FuWeCPYN5GVQ=
golang.org/x/oauth2 v0.35.0/go.mod h1:lzm5WQJQwKZ3nwavOZ3IS5Aulzxi68dUSgRHujetwEA=
golang.org/x/sync v0.0.0-20190423024810-112230192c58/go.mod h1:RxMgew5VJxzue5/jJTE5uejpjVlOe/izrB70Jof72aM=
golang.org/x/sync v0.0.0-20190911185100-cd5d95a43a6e/go.mod h1:RxMgew5VJxzue5/jJTE5uejpjVlOe/izrB70Jof72aM=
golang.org/x/sync v0.0.0-20201020160332-67f06af15bc9/go.mod h1:RxMgew5VJxzue5/jJTE5uejpjVlOe/izrB70Jof72aM=
golang.org/x/sync v0.0.0-20220722155255-886fb9371eb4/go.mod h1:RxMgew5VJxzue5/jJTE5uejpjVlOe/izrB70Jof72aM=
golang.org/x/sync v0.0.0-20220819030929-7fc1605a5dde/go.mod h1:RxMgew5VJxzue5/jJTE5uejpjVlOe/izrB70Jof72aM=
golang.org/x/sync v0.19.0 h1:vV+1eWNmZ5geRlYjzm2adRgW2/mcpevXNg50YZtPCE4=
golang.org/x/sync v0.19.0/go.mod h1:9KTHXmSnoGruLpwFjVSX0lNNA75CykiMECbovNTZqGI=
golang.org/x/sys v0.0.0-20190215142949-d0b11bdaac8a/go.mod h1:STP8DvDyc/dI5b8T5hshtkjS+E42TnysNCUPdjciGhY=
golang.org/x/sys v0.0.0-20190412213103-97732733099d/go.mod h1:h1NjWce9XRLGQEsW7wpKNCjG9DtNlClVuFLEZdDNbEs=
golang.org/x/sys v0.0.0-20200323222414-85ca7c5b95cd/go.mod h1:h1NjWce9XRLGQEsW7wpKNCjG9DtNlClVuFLEZdDNbEs=
golang.org/x/sys v0.0.0-20200930185726-fdedc70b468f/go.mod h1:h1NjWce9XRLGQEsW7wpKNCjG9DtNlClVuFLEZdDNbEs=
golang.org/x/sys v0.0.0-20201119102817-f84b799fce68/go.mod h1:h1NjWce9XRLGQEsW7wpKNCjG9DtNlClVuFLEZdDNbEs=
golang.org/x/sys v0.0.0-20210514084401-e8d321eab015/go.mod h1:oPkhp1MJrh7nUepCBck5+mAzfO9JrbApNNgaTdGDITg=
golang.org/x/sys v0.0.0-20210615035016-665e8c7367d1/go.mod h1:oPkhp1MJrh7nUepCBck5+mAzfO9JrbApNNgaTdGDITg=
golang.org/x/sys v0.0.0-20211007075335-d3039528d8ac/go.mod h1:oPkhp1MJrh7nUepCBck5+mAzfO9JrbApNNgaTdGDITg=
golang.org/x/sys v0.0.0-20220520151302-bc2c85ada10a/go.mod h1:oPkhp1MJrh7nUepCBck5+mAzfO9JrbApNNgaTdGDITg=
golang.org/x/sys v0.0.0-20220722155257-8c9f86f7a55f/go.mod h1:oPkhp1MJrh7nUepCBck5+mAzfO9JrbApNNgaTdGDITg=
golang.org/x/sys v0.41.1-0.20260303015103-eaaaaee1dc1a h1:w7tuI5C2TsGl8uLS7uLESwtwevsamhFz3CP9UFUEdEE=
golang.org/x/sys v0.41.1-0.20260303015103-eaaaaee1dc1a/go.mod h1:4GL1E5IUh+htKOUEOaiffhrAeqysfVGipDYzABqnCmw=
golang.org/x/term v0.0.0-20201126162022-7de9c90e9dd1/go.mod h1:bj7SfCRtBDWHUb9snDiAeCFNEtKQo2Wmx5Cou7ajbmo=
golang.org/x/term v0.0.0-20210927222741-03fcf44c2211/go.mod h1:jbD1KX2456YbFQfuXm/mYQcufACuNUgVhRMnK/tPxf8=
golang.org/x/text v0.3.0/go.mod h1:NqM8EUOU14njkJ3fqMW+pc6Ldnwhi/IjpwHt7yyuwOQ=
golang.org/x/text v0.3.2/go.mod h1:bEr9sfX3Q8Zfm5fL9x+3itogRgK3+ptLWKqgva+5dAk=
golang.org/x/text v0.3.3/go.mod h1:5Zoc/QRtKVWzQhOtBMvqHzDpF6irO9z98xDceosuGiQ=
golang.org/x/text v0.3.7/go.mod h1:u+2+/6zg+i71rQMx5EYifcz6MCKuco9NR6JIITiCfzQ=
golang.org/x/text v0.34.0 h1:oL/Qq0Kdaqxa1KbNeMKwQq0reLCCaFtqu2eNuSeNHbk=
golang.org/x/text v0.34.0/go.mod h1:homfLqTYRFyVYemLBFl5GgL/DWEiH5wcsQ5gSh1yziA=
golang.org/x/time v0.14.0 h1:MRx4UaLrDotUKUdCIqzPC48t1Y9hANFKIRpNx+Te8PI=
golang.org/x/time v0.14.0/go.mod h1:eL/Oa2bBBK0TkX57Fyni+NgnyQQN4LitPmob2Hjnqw4=
golang.org/x/tools v0.0.0-20180917221912-90fa682c2a6e/go.mod h1:n7NCudcB/nEzxVGmLbDWY5pfWTLqBcC2KZ6jyYvM4mQ=
golang.org/x/tools v0.0.0-20190312151545-0bb0c0a6e846/go.mod h1:LCzVGOaR6xXOjkQ3onu1FJEFr0SW1gC7cKk1uF8kGRs=
golang.org/x/tools v0.0.0-20191119224855-298f0cb1881e/go.mod h1:b+2E5dAYhXwXZwtnZ6UAqBI28+e2cm9otk0dWdXHAEo=
golang.org/x/tools v0.0.0-20200619180055-7c47624df98f/go.mod h1:EkVYQZoAsY45+roYkvgYkIh4xh/qjgUK9TdY2XT94GE=
golang.org/x/tools v0.0.0-20210106214847-113979e3529a/go.mod h1:emZCQorbCU4vsT4fOWvOPXz4eW1wZW4PmDk9uLelYpA=
golang.org/x/tools v0.1.12/go.mod h1:hNGJHUnrk76NpqgfD5Aqm5Crs+Hm0VOH/i9J2+nxYbc=
golang.org/x/xerrors v0.0.0-20190717185122-a985d3407aa7/go.mod h1:I/5z698sn9Ka8TeJc9MKroUUfqBBauWjQqLJ2OPfmY0=
golang.org/x/xerrors v0.0.0-20191011141410-1b5146add898/go.mod h1:I/5z698sn9Ka8TeJc9MKroUUfqBBauWjQqLJ2OPfmY0=
golang.org/x/xerrors v0.0.0-20191204190536-9bdfabe68543/go.mod h1:I/5z698sn9Ka8TeJc9MKroUUfqBBauWjQqLJ2OPfmY0=
golang.org/x/xerrors v0.0.0-20200804184101-5ec99f83aff1/go.mod h1:I/5z698sn9Ka8TeJc9MKroUUfqBBauWjQqLJ2OPfmY0=
gonum.org/v1/gonum v0.16.0 h1:5+ul4Swaf3ESvrOnidPp4GZbzf0mxVQpDCYUQE7OJfk=
gonum.org/v1/gonum v0.16.0/go.mod h1:fef3am4MQ93R2HHpKnLk4/Tbh/s0+wqD5nfa6Pnwy4E=
google.golang.org/api v0.265.0 h1:FZvfUdI8nfmuNrE34aOWFPmLC+qRBEiNm3JdivTvAAU=
google.golang.org/api v0.265.0/go.mod h1:uAvfEl3SLUj/7n6k+lJutcswVojHPp2Sp08jWCu8hLY=
google.golang.org/genproto v0.0.0-20260128011058-8636f8732409 h1:VQZ/yAbAtjkHgH80teYd2em3xtIkkHd7ZhqfH2N9CsM=
google.golang.org/genproto v0.0.0-20260128011058-8636f8732409/go.mod h1:rxKD3IEILWEu3P44seeNOAwZN4SaoKaQ/2eTg4mM6EM=
google.golang.org/genproto/googleapis/api v0.0.0-20260128011058-8636f8732409 h1:merA0rdPeUV3YIIfHHcH4qBkiQAc1nfCKSI7lB4cV2M=
google.golang.org/genproto/googleapis/api v0.0.0-20260128011058-8636f8732409/go.mod h1:fl8J1IvUjCilwZzQowmw2b7HQB2eAuYBabMXzWurF+I=
google.golang.org/genproto/googleapis/rpc v0.0.0-20260414002931-afd174a4e478 h1:RmoJA1ujG+/lRGNfUnOMfhCy5EipVMyvUE+KNbPbTlw=
google.golang.org/genproto/googleapis/rpc v0.0.0-20260414002931-afd174a4e478/go.mod h1:4Hqkh8ycfw05ld/3BWL7rJOSfebL2Q+DVDeRgYgxUU8=
google.golang.org/grpc v1.78.0 h1:K1XZG/yGDJnzMdd/uZHAkVqJE+xIDOcmdSFZkBUicNc=
google.golang.org/grpc v1.78.0/go.mod h1:I47qjTo4OKbMkjA/aOOwxDIiPSBofUtQUI5EfpWvW7U=
google.golang.org/protobuf v1.36.11 h1:fV6ZwhNocDyBLK0dj+fg8ektcVegBBuEolpbTQyBNVE=
google.golang.org/protobuf v1.36.11/go.mod h1:HTf+CrKn2C3g5S8VImy6tdcUvCska2kB7j23XfzDpco=
gopkg.in/check.v1 v0.0.0-20161208181325-20d25e280405/go.mod h1:Co6ibVJAznAaIkqp8huTwlJQCZ016jof/cbN4VW5Yz0=
gopkg.in/check.v1 v1.0.0-20201130134442-10cb98267c6c h1:Hei/4ADfdWqJk1ZMxUNpqntNwaWcugrBjAiHlqqRiVk=
gopkg.in/check.v1 v1.0.0-20201130134442-10cb98267c6c/go.mod h1:JHkPIbrfpd72SG/EVd6muEfDQjcINNoR0C8j2r3qZ4Q=
gopkg.in/yaml.v3 v3.0.0-20200313102051-9f266ea9e77c/go.mod h1:K4uyk7z7BCEPqu6E+C64Yfv1cQ7kz7rIZviUmN+EgEM=
gopkg.in/yaml.v3 v3.0.1 h1:fxVm/GzAzEWqLHuvctI91KS9hhNmmWOoWu0XTYJS7CA=
gopkg.in/yaml.v3 v3.0.1/go.mod h1:K4uyk7z7BCEPqu6E+C64Yfv1cQ7kz7rIZviUmN+EgEM=
storj.io/common v0.0.0-20230301105927-7f966760c100 h1:0Rc6boo10ZgiHdadHi1o2OUv25YvTn8fSc/VyRz2Tyk=
storj.io/common v0.0.0-20230301105927-7f966760c100/go.mod h1:tDgoLthBVcrTPEokBgPdjrn39p/gyNx06j6ehhTSiUg=
storj.io/drpc v0.0.33-0.20230204035225-c9649dee8f2a h1:FBaOc8c5efmW3tmPsiGy07USMkOSu/tyYCZpu2ro0y8=
storj.io/drpc v0.0.33-0.20230204035225-c9649dee8f2a/go.mod h1:6rcOyR/QQkSTX/9L5ZGtlZaE2PtXTTZl8d+ulSeeYEg=
storj.io/picobuf v0.0.1 h1:ekEvxSQCbEjTVIi/qxj2za13SJyfRE37yE30IBkZeT0=
storj.io/picobuf v0.0.1/go.mod h1:7ZTAMs6VesgTHbbhFU79oQ9hDaJ+MD4uoFQZ1P4SEz0=
storj.io/uplink v1.10.0 h1:3hS0hszupHSxEoC4DsMpljaRy0uNoijEPVF6siIE28Q=
storj.io/uplink v1.10.0/go.mod h1:gJIQumB8T3tBHPRive51AVpbc+v2xe+P/goFNMSRLG4=
